{
  "name": "Manime-0.0.1",
  "lockfileVersion": 3,
  "requires": true,
  "packages": {
    "": {
      "dependencies": {
        "@angular/core": "^18.0.0",
        "@ionic-native/action-sheet": "^5.36.0",
        "@ionic-native/camera": "^5.36.0",
        "@ionic-native/file-chooser": "^5.36.0"
      }
    },
    "node_modules/@angular/core": {
      "version": "18.0.0",
      "resolved": "https://registry.npmjs.org/@angular/core/-/core-18.0.0.tgz",
      "integrity": "sha512-tpR7HIY4MJuM9ETpG15IvBr1wsI8Cyec3ZxYFe/27FKHARvxDbqIrT9QevmC6lxg1NdfD990G2XphYML1EyJ8g==",
      "dependencies": {
        "tslib": "^2.3.0"
      },
      "engines": {
        "node": "^18.13.0 || >=20.9.0"
      },
      "peerDependencies": {
        "rxjs": "^6.5.3 || ^7.4.0",
        "zone.js": "~0.14.0"
      }
    },
    "node_modules/@angular/core/node_modules/tslib": {
      "version": "2.6.2",
      "resolved": "https://registry.npmjs.org/tslib/-/tslib-2.6.2.tgz",
      "integrity": "sha512-AEYxH93jGFPn/a2iVAwW87VuUIkR1FVUKB77NwMF7nBTDkDrrT/Hpt/IrCJ0QXhW27jTBDcf5ZY7w6RiqTMw2Q=="
    },
    "node_modules/@ionic-native/action-sheet": {
      "version": "5.36.0",
      "resolved": "https://registry.npmjs.org/@ionic-native/action-sheet/-/action-sheet-5.36.0.tgz",
      "integrity": "sha512-/MZnCVAWkW3RITIKAkVwy1OPQcbqme8OAiKc4ysOmfD8b1O1lgJ4ENpOD5qBBbqcNiXVFHkCplg+68nZtzKzAw==",
      "dependencies": {
        "@types/cordova": "latest"
      },
      "peerDependencies": {
        "@ionic-native/core": "^5.1.0",
        "rxjs": "^5.5.0 || ^6.5.0"
      }
    },
    "node_modules/@ionic-native/camera": {
      "version": "5.36.0",
      "resolved": "https://registry.npmjs.org/@ionic-native/camera/-/camera-5.36.0.tgz",
      "integrity": "sha512-68hdPn0hA7yn4YNTgmLF32x/l7arFulboGhNiyFQ35/QxqrOmppf77p4xaPOyJtNyICKHLaiStC6w1eEAtl9MA==",
      "dependencies": {
        "@types/cordova": "latest"
      },
      "peerDependencies": {
        "@ionic-native/core": "^5.1.0",
        "rxjs": "^5.5.0 || ^6.5.0"
      }
    },
    "node_modules/@ionic-native/core": {
      "version": "5.36.0",
      "resolved": "https://registry.npmjs.org/@ionic-native/core/-/core-5.36.0.tgz",
      "integrity": "sha512-lOrkktadlKYbYf1LrDyAtsu1JnQ0oCCdkOU7iHQ8oXnNOkMwobFfD2m62F1CoOr0u9LIkpYnZSPjng8lZbmbNw==",
      "peer": true,
      "dependencies": {
        "@types/cordova": "latest"
      },
      "peerDependencies": {
        "rxjs": "^5.5.0 || ^6.5.0"
      }
    },
    "node_modules/@ionic-native/file-chooser": {
      "version": "5.36.0",
      "resolved": "https://registry.npmjs.org/@ionic-native/file-chooser/-/file-chooser-5.36.0.tgz",
      "integrity": "sha512-e8uwc8a+5WTImeEJR1f81V4jYJCtPU8xtENsNR/KZIi1AAfB6Sk949UM+2mdKHAiG48NRqzIxh9x3mQX8MA4PQ==",
      "dependencies": {
        "@types/cordova": "latest"
      },
      "peerDependencies": {
        "@ionic-native/core": "^5.1.0",
        "rxjs": "^5.5.0 || ^6.5.0"
      }
    },
    "node_modules/@types/cordova": {
      "version": "11.0.3",
      "resolved": "https://registry.npmjs.org/@types/cordova/-/cordova-11.0.3.tgz",
      "integrity": "sha512-kyuRQ40/NWQVhqGIHq78Ehu2Bf9Mlg0LhmSmis6ZFJK7z933FRfYi8tHe/k/0fB+PGfCf95rJC6TO7dopaFvAg=="
    },
    "node_modules/rxjs": {
      "version": "6.6.7",
      "resolved": "https://registry.npmjs.org/rxjs/-/rxjs-6.6.7.tgz",
      "integrity": "sha512-hTdwr+7yYNIT5n4AMYp85KA6yw2Va0FLa3Rguvbpa4W3I5xynaBZo41cM3XM+4Q6fRMj3sBYIR1VAmZMXYJvRQ==",
      "peer": true,
      "dependencies": {
        "tslib": "^1.9.0"
      },
      "engines": {
        "npm": ">=2.0.0"
      }
    },
    "node_modules/tslib": {
      "version": "1.14.1",
      "resolved": "https://registry.npmjs.org/tslib/-/tslib-1.14.1.tgz",
      "integrity": "sha512-Xni35NKzjgMrwevysHTCArtLDpPvye8zV/0E4EyYn43P7/7qvQwPh9BGkHewbMulVntbigmcT7rdX3BNo9wRJg==",
      "peer": true
    },
    "node_modules/zone.js": {
      "version": "0.14.6",
      "resolved": "https://registry.npmjs.org/zone.js/-/zone.js-0.14.6.tgz",
      "integrity": "sha512-vyRNFqofdaHVdWAy7v3Bzmn84a1JHWSjpuTZROT/uYn8I3p2cmo7Ro9twFmYRQDPhiYOV7QLk0hhY4JJQVqS6Q==",
      "peer": true
    }
  }
}
